
Microsoft Visual Studio Solution File, Format Version 12.00
# Visual Studio 15
VisualStudioVersion = 15.0.27130.2020
MinimumVisualStudioVersion = 10.0.40219.1
Project("{9A19103F-16F7-4668-BE54-9A1E7A4F7556}") = "AwsLmbdRedditReader", "AwsLmbdRedditReader\AwsLmbdRedditReader.csproj", "{1DC5AB3E-23D3-49A3-892E-233FC8463380}"
EndProject
Global
	GlobalSection(SolutionConfigurationPlatforms) = preSolution
		Debug|Any CPU = Debug|Any CPU
		Release|Any CPU = Release|Any CPU
	EndGlobalSection
	GlobalSection(ProjectConfigurationPlatforms) = postSolution
		{1DC5AB3E-23D3-49A3-892E-233FC8463380}.Debug|Any CPU.ActiveCfg = Debug|Any CPU
		{1DC5AB3E-23D3-49A3-892E-233FC8463380}.Debug|Any CPU.Build.0 = Debug|Any CPU
		{1DC5AB3E-23D3-49A3-892E-233FC8463380}.Release|Any CPU.ActiveCfg = Release|Any CPU
		{1DC5AB3E-23D3-49A3-892E-233FC8463380}.Release|Any CPU.Build.0 = Release|Any CPU
	EndGlobalSection
	GlobalSection(SolutionProperties) = preSolution
		HideSolutionNode = FALSE
	EndGlobalSection
	GlobalSection(ExtensibilityGlobals) = postSolution
		SolutionGuid = {C699E20E-C55A-4F82-BB80-7CEA0012FBCB}
	EndGlobalSection
EndGlobal
